
Microsoft Visual Studio Solution File, Format Version 12.00
# Visual Studio Version 16
VisualStudioVersion = 16.0.31911.196
MinimumVisualStudioVersion = 10.0.40219.1
Project("{FAE04EC0-301F-11D3-BF4B-00C04F79EFBC}") = "finalApplication", "finalApplication\finalApplication.csproj", "{614194E4-70E7-4223-A8AC-D6F70363F034}"
EndProject
Global
	GlobalSection(SolutionConfigurationPlatforms) = preSolution
		Debug|Any CPU = Debug|Any CPU
		Release|Any CPU = Release|Any CPU
	EndGlobalSection
	GlobalSection(ProjectConfigurationPlatforms) = postSolution
		{614194E4-70E7-4223-A8AC-D6F70363F034}.Debug|Any CPU.ActiveCfg = Debug|Any CPU
		{614194E4-70E7-4223-A8AC-D6F70363F034}.Debug|Any CPU.Build.0 = Debug|Any CPU
		{614194E4-70E7-4223-A8AC-D6F70363F034}.Release|Any CPU.ActiveCfg = Release|Any CPU
		{614194E4-70E7-4223-A8AC-D6F70363F034}.Release|Any CPU.Build.0 = Release|Any CPU
	EndGlobalSection
	GlobalSection(SolutionProperties) = preSolution
		HideSolutionNode = FALSE
	EndGlobalSection
	GlobalSection(ExtensibilityGlobals) = postSolution
		SolutionGuid = {B8DA5E10-8C00-4BD6-BDE9-DDD2B512533F}
	EndGlobalSection
EndGlobal
